
Microsoft Visual Studio Solution File, Format Version 12.00
# Visual Studio Version 17
VisualStudioVersion = 17.1.32228.430
MinimumVisualStudioVersion = 10.0.40219.1
Project("{FAE04EC0-301F-11D3-BF4B-00C04F79EFBC}") = "FXDecompiler", "FXDecompiler.csproj", "{46F801C5-17DE-4863-86E8-3021076A917D}"
EndProject
Global
	GlobalSection(SolutionConfigurationPlatforms) = preSolution
		Debug|Any CPU = Debug|Any CPU
		Release|Any CPU = Release|Any CPU
	EndGlobalSection
	GlobalSection(ProjectConfigurationPlatforms) = postSolution
		{46F801C5-17DE-4863-86E8-3021076A917D}.Debug|Any CPU.ActiveCfg = Debug|Any CPU
		{46F801C5-17DE-4863-86E8-3021076A917D}.Debug|Any CPU.Build.0 = Debug|Any CPU
		{46F801C5-17DE-4863-86E8-3021076A917D}.Release|Any CPU.ActiveCfg = Release|Any CPU
		{46F801C5-17DE-4863-86E8-3021076A917D}.Release|Any CPU.Build.0 = Release|Any CPU
	EndGlobalSection
	GlobalSection(SolutionProperties) = preSolution
		HideSolutionNode = FALSE
	EndGlobalSection
	GlobalSection(ExtensibilityGlobals) = postSolution
		SolutionGuid = {97AFF164-7837-4085-98D6-B369E0E4B7D0}
	EndGlobalSection
EndGlobal
